// !$*UTF8*$!
{
	archiveVersion = 1;
	classes = {
	};
	objectVersion = 50;
	objects = {

/* Begin PBXBuildFile section */
		B69EED1624B54007007E010A /* AppDelegate.swift in Sources */ = {isa = PBXBuildFile; fileRef = B69EED1524B54007007E010A /* AppDelegate.swift */; };
		B69EED1824B54007007E010A /* SceneDelegate.swift in Sources */ = {isa = PBXBuildFile; fileRef = B69EED1724B54007007E010A /* SceneDelegate.swift */; };
		B69EED1B24B54007007E010A /* Checkbook.xcdatamodeld in Sources */ = {isa = PBXBuildFile; fileRef = B69EED1924B54007007E010A /* Checkbook.xcdatamodeld */; };
		B69EED1D24B54007007E010A /* ExpenseList.swift in Sources */ = {isa = PBXBuildFile; fileRef = B69EED1C24B54007007E010A /* ExpenseList.swift */; };
		B69EED1F24B54008007E010A /* Assets.xcassets in Resources */ = {isa = PBXBuildFile; fileRef = B69EED1E24B54008007E010A /* Assets.xcassets */; };
		B69EED2224B54008007E010A /* Preview Assets.xcassets in Resources */ = {isa = PBXBuildFile; fileRef = B69EED2124B54008007E010A /* Preview Assets.xcassets */; };
		B69EED2524B54008007E010A /* LaunchScreen.storyboard in Resources */ = {isa = PBXBuildFile; fileRef = B69EED2324B54008007E010A /* LaunchScreen.storyboard */; };
		B69EED3024B54008007E010A /* CheckbookTests.swift in Sources */ = {isa = PBXBuildFile; fileRef = B69EED2F24B54008007E010A /* CheckbookTests.swift */; };
		B69EED4924B5402B007E010A /* Ledger.swift in Sources */ = {isa = PBXBuildFile; fileRef = B69EED4824B5402B007E010A /* Ledger.swift */; };
		B69EED4C24B542AD007E010A /* Tender.swift in Sources */ = {isa = PBXBuildFile; fileRef = B69EED4B24B542AD007E010A /* Tender.swift */; };
		B69EED4E24B542C1007E010A /* ExpenseCategory.swift in Sources */ = {isa = PBXBuildFile; fileRef = B69EED4D24B542C1007E010A /* ExpenseCategory.swift */; };
		B69EED5024B542E2007E010A /* Expense.swift in Sources */ = {isa = PBXBuildFile; fileRef = B69EED4F24B542E2007E010A /* Expense.swift */; };
		B69EED5324B8F886007E010A /* ExpenseCell.swift in Sources */ = {isa = PBXBuildFile; fileRef = B69EED5224B8F886007E010A /* ExpenseCell.swift */; };
		B69EED5524B8FAFF007E010A /* Tag.swift in Sources */ = {isa = PBXBuildFile; fileRef = B69EED5424B8FAFF007E010A /* Tag.swift */; };
		B69EED5724B9180B007E010A /* ExpenseListViewModel.swift in Sources */ = {isa = PBXBuildFile; fileRef = B69EED5624B9180B007E010A /* ExpenseListViewModel.swift */; };
		B69EED5A24B91F29007E010A /* Date+Formatter.swift in Sources */ = {isa = PBXBuildFile; fileRef = B69EED5924B91F29007E010A /* Date+Formatter.swift */; };
/* End PBXBuildFile section */

/* Begin PBXContainerItemProxy section */
		B69EED2C24B54008007E010A /* PBXContainerItemProxy */ = {
			isa = PBXContainerItemProxy;
			containerPortal = B69EED0A24B54007007E010A /* Project object */;
			proxyType = 1;
			remoteGlobalIDString = B69EED1124B54007007E010A;
			remoteInfo = Checkbook;
		};
/* End PBXContainerItemProxy section */

/* Begin PBXFileReference section */
		B69EED1224B54007007E010A /* Checkbook.app */ = {isa = PBXFileReference; explicitFileType = wrapper.application; includeInIndex = 0; path = Checkbook.app; sourceTree = BUILT_PRODUCTS_DIR; };
		B69EED1524B54007007E010A /* AppDelegate.swift */ = {isa = PBXFileReference; lastKnownFileType = sourcecode.swift; path = AppDelegate.swift; sourceTree = "<group>"; };
		B69EED1724B54007007E010A /* SceneDelegate.swift */ = {isa = PBXFileReference; lastKnownFileType = sourcecode.swift; path = SceneDelegate.swift; sourceTree = "<group>"; };
		B69EED1A24B54007007E010A /* Checkbook.xcdatamodel */ = {isa = PBXFileReference; lastKnownFileType = wrapper.xcdatamodel; path = Checkbook.xcdatamodel; sourceTree = "<group>"; };
		B69EED1C24B54007007E010A /* ExpenseList.swift */ = {isa = PBXFileReference; lastKnownFileType = sourcecode.swift; path = ExpenseList.swift; sourceTree = "<group>"; };
		B69EED1E24B54008007E010A /* Assets.xcassets */ = {isa = PBXFileReference; lastKnownFileType = folder.assetcatalog; path = Assets.xcassets; sourceTree = "<group>"; };
		B69EED2124B54008007E010A /* Preview Assets.xcassets */ = {isa = PBXFileReference; lastKnownFileType = folder.assetcatalog; path = "Preview Assets.xcassets"; sourceTree = "<group>"; };
		B69EED2424B54008007E010A /* Base */ = {isa = PBXFileReference; lastKnownFileType = file.storyboard; name = Base; path = Base.lproj/LaunchScreen.storyboard; sourceTree = "<group>"; };
		B69EED2624B54008007E010A /* Info.plist */ = {isa = PBXFileReference; lastKnownFileType = text.plist.xml; path = Info.plist; sourceTree = "<group>"; };
		B69EED2B24B54008007E010A /* CheckbookTests.xctest */ = {isa = PBXFileReference; explicitFileType = wrapper.cfbundle; includeInIndex = 0; path = CheckbookTests.xctest; sourceTree = BUILT_PRODUCTS_DIR; };
		B69EED2F24B54008007E010A /* CheckbookTests.swift */ = {isa = PBXFileReference; lastKnownFileType = sourcecode.swift; path = CheckbookTests.swift; sourceTree = "<group>"; };
		B69EED3124B54008007E010A /* Info.plist */ = {isa = PBXFileReference; lastKnownFileType = text.plist.xml; path = Info.plist; sourceTree = "<group>"; };
		B69EED4824B5402B007E010A /* Ledger.swift */ = {isa = PBXFileReference; lastKnownFileType = sourcecode.swift; path = Ledger.swift; sourceTree = "<group>"; };
		B69EED4B24B542AD007E010A /* Tender.swift */ = {isa = PBXFileReference; lastKnownFileType = sourcecode.swift; path = Tender.swift; sourceTree = "<group>"; };
		B69EED4D24B542C1007E010A /* ExpenseCategory.swift */ = {isa = PBXFileReference; lastKnownFileType = sourcecode.swift; path = ExpenseCategory.swift; sourceTree = "<group>"; };
		B69EED4F24B542E2007E010A /* Expense.swift */ = {isa = PBXFileReference; lastKnownFileType = sourcecode.swift; path = Expense.swift; sourceTree = "<group>"; };
		B69EED5224B8F886007E010A /* ExpenseCell.swift */ = {isa = PBXFileReference; lastKnownFileType = sourcecode.swift; path = ExpenseCell.swift; sourceTree = "<group>"; };
		B69EED5424B8FAFF007E010A /* Tag.swift */ = {isa = PBXFileReference; lastKnownFileType = sourcecode.swift; path = Tag.swift; sourceTree = "<group>"; };
		B69EED5624B9180B007E010A /* ExpenseListViewModel.swift */ = {isa = PBXFileReference; lastKnownFileType = sourcecode.swift; path = ExpenseListViewModel.swift; sourceTree = "<group>"; };
		B69EED5924B91F29007E010A /* Date+Formatter.swift */ = {isa = PBXFileReference; lastKnownFileType = sourcecode.swift; path = "Date+Formatter.swift"; sourceTree = "<group>"; };
/* End PBXFileReference section */

/* Begin PBXFrameworksBuildPhase section */
		B69EED0F24B54007007E010A /* Frameworks */ = {
			isa = PBXFrameworksBuildPhase;
			buildActionMask = 2147483647;
			files = (
			);
			runOnlyForDeploymentPostprocessing = 0;
		};
		B69EED2824B54008007E010A /* Frameworks */ = {
			isa = PBXFrameworksBuildPhase;
			buildActionMask = 2147483647;
			files = (
			);
			runOnlyForDeploymentPostprocessing = 0;
		};
/* End PBXFrameworksBuildPhase section */

/* Begin PBXGroup section */
		B69EED0924B54007007E010A = {
			isa = PBXGroup;
			children = (
				B69EED1424B54007007E010A /* Checkbook */,
				B69EED2E24B54008007E010A /* CheckbookTests */,
				B69EED1324B54007007E010A /* Products */,
			);
			sourceTree = "<group>";
		};
		B69EED1324B54007007E010A /* Products */ = {
			isa = PBXGroup;
			children = (
				B69EED1224B54007007E010A /* Checkbook.app */,
				B69EED2B24B54008007E010A /* CheckbookTests.xctest */,
			);
			name = Products;
			sourceTree = "<group>";
		};
		B69EED1424B54007007E010A /* Checkbook */ = {
			isa = PBXGroup;
			children = (
				B69EED1524B54007007E010A /* AppDelegate.swift */,
				B69EED1724B54007007E010A /* SceneDelegate.swift */,
				B69EED5B24B92013007E010A /* Views */,
				B69EED5124B543FA007E010A /* Resources */,
				B69EED1924B54007007E010A /* Checkbook.xcdatamodeld */,
				B69EED4A24B542A1007E010A /* Model */,
				B69EED5924B91F29007E010A /* Date+Formatter.swift */,
			);
			path = Checkbook;
			sourceTree = "<group>";
		};
		B69EED2024B54008007E010A /* Preview Content */ = {
			isa = PBXGroup;
			children = (
				B69EED2124B54008007E010A /* Preview Assets.xcassets */,
			);
			path = "Preview Content";
			sourceTree = "<group>";
		};
		B69EED2E24B54008007E010A /* CheckbookTests */ = {
			isa = PBXGroup;
			children = (
				B69EED2F24B54008007E010A /* CheckbookTests.swift */,
				B69EED3124B54008007E010A /* Info.plist */,
			);
			path = CheckbookTests;
			sourceTree = "<group>";
		};
		B69EED4A24B542A1007E010A /* Model */ = {
			isa = PBXGroup;
			children = (
				B69EED4824B5402B007E010A /* Ledger.swift */,
				B69EED4B24B542AD007E010A /* Tender.swift */,
				B69EED4D24B542C1007E010A /* ExpenseCategory.swift */,
				B69EED4F24B542E2007E010A /* Expense.swift */,
			);
			path = Model;
			sourceTree = "<group>";
		};
		B69EED5124B543FA007E010A /* Resources */ = {
			isa = PBXGroup;
			children = (
				B69EED1E24B54008007E010A /* Assets.xcassets */,
				B69EED2324B54008007E010A /* LaunchScreen.storyboard */,
				B69EED2624B54008007E010A /* Info.plist */,
				B69EED2024B54008007E010A /* Preview Content */,
			);
			path = Resources;
			sourceTree = "<group>";
		};
		B69EED5824B91F14007E010A /* Expenses */ = {
			isa = PBXGroup;
			children = (
				B69EED1C24B54007007E010A /* ExpenseList.swift */,
				B69EED5624B9180B007E010A /* ExpenseListViewModel.swift */,
				B69EED5224B8F886007E010A /* ExpenseCell.swift */,
			);
			path = Expenses;
			sourceTree = "<group>";
		};
		B69EED5B24B92013007E010A /* Views */ = {
			isa = PBXGroup;
			children = (
				B69EED5824B91F14007E010A /* Expenses */,
				B69EED5424B8FAFF007E010A /* Tag.swift */,
			);
			path = Views;
			sourceTree = "<group>";
		};
/* End PBXGroup section */

/* Begin PBXNativeTarget section */
		B69EED1124B54007007E010A /* Checkbook */ = {
			isa = PBXNativeTarget;
			buildConfigurationList = B69EED3F24B54008007E010A /* Build configuration list for PBXNativeTarget "Checkbook" */;
			buildPhases = (
				B69EED0E24B54007007E010A /* Sources */,
				B69EED0F24B54007007E010A /* Frameworks */,
				B69EED1024B54007007E010A /* Resources */,
			);
			buildRules = (
			);
			dependencies = (
			);
			name = Checkbook;
			productName = Checkbook;
			productReference = B69EED1224B54007007E010A /* Checkbook.app */;
			productType = "com.apple.product-type.application";
		};
		B69EED2A24B54008007E010A /* CheckbookTests */ = {
			isa = PBXNativeTarget;
			buildConfigurationList = B69EED4224B54008007E010A /* Build configuration list for PBXNativeTarget "CheckbookTests" */;
			buildPhases = (
				B69EED2724B54008007E010A /* Sources */,
				B69EED2824B54008007E010A /* Frameworks */,
				B69EED2924B54008007E010A /* Resources */,
			);
			buildRules = (
			);
			dependencies = (
				B69EED2D24B54008007E010A /* PBXTargetDependency */,
			);
			name = CheckbookTests;
			productName = CheckbookTests;
			productReference = B69EED2B24B54008007E010A /* CheckbookTests.xctest */;
			productType = "com.apple.product-type.bundle.unit-test";
		};
/* End PBXNativeTarget section */

/* Begin PBXProject section */
		B69EED0A24B54007007E010A /* Project object */ = {
			isa = PBXProject;
			attributes = {
				LastSwiftUpdateCheck = 1200;
				LastUpgradeCheck = 1200;
				TargetAttributes = {
					B69EED1124B54007007E010A = {
						CreatedOnToolsVersion = 12.0;
					};
					B69EED2A24B54008007E010A = {
						CreatedOnToolsVersion = 12.0;
						TestTargetID = B69EED1124B54007007E010A;
					};
				};
			};
			buildConfigurationList = B69EED0D24B54007007E010A /* Build configuration list for PBXProject "Checkbook" */;
			compatibilityVersion = "Xcode 9.3";
			developmentRegion = en;
			hasScannedForEncodings = 0;
			knownRegions = (
				en,
				Base,
			);
			mainGroup = B69EED0924B54007007E010A;
			productRefGroup = B69EED1324B54007007E010A /* Products */;
			projectDirPath = "";
			projectRoot = "";
			targets = (
				B69EED1124B54007007E010A /* Checkbook */,
				B69EED2A24B54008007E010A /* CheckbookTests */,
			);
		};
/* End PBXProject section */

/* Begin PBXResourcesBuildPhase section */
		B69EED1024B54007007E010A /* Resources */ = {
			isa = PBXResourcesBuildPhase;
			buildActionMask = 2147483647;
			files = (
				B69EED2524B54008007E010A /* LaunchScreen.storyboard in Resources */,
				B69EED2224B54008007E010A /* Preview Assets.xcassets in Resources */,
				B69EED1F24B54008007E010A /* Assets.xcassets in Resources */,
			);
			runOnlyForDeploymentPostprocessing = 0;
		};
		B69EED2924B54008007E010A /* Resources */ = {
			isa = PBXResourcesBuildPhase;
			buildActionMask = 2147483647;
			files = (
			);
			runOnlyForDeploymentPostprocessing = 0;
		};
/* End PBXResourcesBuildPhase section */

/* Begin PBXSourcesBuildPhase section */
		B69EED0E24B54007007E010A /* Sources */ = {
			isa = PBXSourcesBuildPhase;
			buildActionMask = 2147483647;
			files = (
				B69EED5024B542E2007E010A /* Expense.swift in Sources */,
				B69EED1624B54007007E010A /* AppDelegate.swift in Sources */,
				B69EED5524B8FAFF007E010A /* Tag.swift in Sources */,
				B69EED1824B54007007E010A /* SceneDelegate.swift in Sources */,
				B69EED5A24B91F29007E010A /* Date+Formatter.swift in Sources */,
				B69EED4924B5402B007E010A /* Ledger.swift in Sources */,
				B69EED4C24B542AD007E010A /* Tender.swift in Sources */,
				B69EED5724B9180B007E010A /* ExpenseListViewModel.swift in Sources */,
				B69EED1D24B54007007E010A /* ExpenseList.swift in Sources */,
				B69EED1B24B54007007E010A /* Checkbook.xcdatamodeld in Sources */,
				B69EED5324B8F886007E010A /* ExpenseCell.swift in Sources */,
				B69EED4E24B542C1007E010A /* ExpenseCategory.swift in Sources */,
			);
			runOnlyForDeploymentPostprocessing = 0;
		};
		B69EED2724B54008007E010A /* Sources */ = {
			isa = PBXSourcesBuildPhase;
			buildActionMask = 2147483647;
			files = (
				B69EED3024B54008007E010A /* CheckbookTests.swift in Sources */,
			);
			runOnlyForDeploymentPostprocessing = 0;
		};
/* End PBXSourcesBuildPhase section */

/* Begin PBXTargetDependency section */
		B69EED2D24B54008007E010A /* PBXTargetDependency */ = {
			isa = PBXTargetDependency;
			target = B69EED1124B54007007E010A /* Checkbook */;
			targetProxy = B69EED2C24B54008007E010A /* PBXContainerItemProxy */;
		};
/* End PBXTargetDependency section */

/* Begin PBXVariantGroup section */
		B69EED2324B54008007E010A /* LaunchScreen.storyboard */ = {
			isa = PBXVariantGroup;
			children = (
				B69EED2424B54008007E010A /* Base */,
			);
			name = LaunchScreen.storyboard;
			sourceTree = "<group>";
		};
/* End PBXVariantGroup section */

/* Begin XCBuildConfiguration section */
		B69EED3D24B54008007E010A /* Debug */ = {
			isa = XCBuildConfiguration;
			buildSettings = {
				ALWAYS_SEARCH_USER_PATHS = NO;
				CLANG_ANALYZER_NONNULL = YES;
				CLANG_ANALYZER_NUMBER_OBJECT_CONVERSION = YES_AGGRESSIVE;
				CLANG_CXX_LANGUAGE_STANDARD = "gnu++14";
				CLANG_CXX_LIBRARY = "libc++";
				CLANG_ENABLE_MODULES = YES;
				CLANG_ENABLE_OBJC_ARC = YES;
				CLANG_ENABLE_OBJC_WEAK = YES;
				CLANG_WARN_BLOCK_CAPTURE_AUTORELEASING = YES;
				CLANG_WARN_BOOL_CONVERSION = YES;
				CLANG_WARN_COMMA = YES;
				CLANG_WARN_CONSTANT_CONVERSION = YES;
				CLANG_WARN_DEPRECATED_OBJC_IMPLEMENTATIONS = YES;
				CLANG_WARN_DIRECT_OBJC_ISA_USAGE = YES_ERROR;
				CLANG_WARN_DOCUMENTATION_COMMENTS = YES;
				CLANG_WARN_EMPTY_BODY = YES;
				CLANG_WARN_ENUM_CONVERSION = YES;
				CLANG_WARN_INFINITE_RECURSION = YES;
				CLANG_WARN_INT_CONVERSION = YES;
				CLANG_WARN_NON_LITERAL_NULL_CONVERSION = YES;
				CLANG_WARN_OBJC_IMPLICIT_RETAIN_SELF = YES;
				CLANG_WARN_OBJC_LITERAL_CONVERSION = YES;
				CLANG_WARN_OBJC_ROOT_CLASS = YES_ERROR;
				CLANG_WARN_QUOTED_INCLUDE_IN_FRAMEWORK_HEADER = YES;
				CLANG_WARN_RANGE_LOOP_ANALYSIS = YES;
				CLANG_WARN_STRICT_PROTOTYPES = YES;
				CLANG_WARN_SUSPICIOUS_MOVE = YES;
				CLANG_WARN_UNGUARDED_AVAILABILITY = YES_AGGRESSIVE;
				CLANG_WARN_UNREACHABLE_CODE = YES;
				CLANG_WARN__DUPLICATE_METHOD_MATCH = YES;
				COPY_PHASE_STRIP = NO;
				DEBUG_INFORMATION_FORMAT = dwarf;
				ENABLE_STRICT_OBJC_MSGSEND = YES;
				ENABLE_TESTABILITY = YES;
				GCC_C_LANGUAGE_STANDARD = gnu11;
				GCC_DYNAMIC_NO_PIC = NO;
				GCC_NO_COMMON_BLOCKS = YES;
				GCC_OPTIMIZATION_LEVEL = 0;
				GCC_PREPROCESSOR_DEFINITIONS = (
					"DEBUG=1",
					"$(inherited)",
				);
				GCC_WARN_64_TO_32_BIT_CONVERSION = YES;
				GCC_WARN_ABOUT_RETURN_TYPE = YES_ERROR;
				GCC_WARN_UNDECLARED_SELECTOR = YES;
				GCC_WARN_UNINITIALIZED_AUTOS = YES_AGGRESSIVE;
				GCC_WARN_UNUSED_FUNCTION = YES;
				GCC_WARN_UNUSED_VARIABLE = YES;
				IPHONEOS_DEPLOYMENT_TARGET = 14.0;
				MTL_ENABLE_DEBUG_INFO = INCLUDE_SOURCE;
				MTL_FAST_MATH = YES;
				ONLY_ACTIVE_ARCH = YES;
				SDKROOT = iphoneos;
				SWIFT_ACTIVE_COMPILATION_CONDITIONS = DEBUG;
				SWIFT_OPTIMIZATION_LEVEL = "-Onone";
			};
			name = Debug;
		};
		B69EED3E24B54008007E010A /* Release */ = {
			isa = XCBuildConfiguration;
			buildSettings = {
				ALWAYS_SEARCH_USER_PATHS = NO;
				CLANG_ANALYZER_NONNULL = YES;
				CLANG_ANALYZER_NUMBER_OBJECT_CONVERSION = YES_AGGRESSIVE;
				CLANG_CXX_LANGUAGE_STANDARD = "gnu++14";
				CLANG_CXX_LIBRARY = "libc++";
				CLANG_ENABLE_MODULES = YES;
				CLANG_ENABLE_OBJC_ARC = YES;
				CLANG_ENABLE_OBJC_WEAK = YES;
				CLANG_WARN_BLOCK_CAPTURE_AUTORELEASING = YES;
				CLANG_WARN_BOOL_CONVERSION = YES;
				CLANG_WARN_COMMA = YES;
				CLANG_WARN_CONSTANT_CONVERSION = YES;
				CLANG_WARN_DEPRECATED_OBJC_IMPLEMENTATIONS = YES;
				CLANG_WARN_DIRECT_OBJC_ISA_USAGE = YES_ERROR;
				CLANG_WARN_DOCUMENTATION_COMMENTS = YES;
				CLANG_WARN_EMPTY_BODY = YES;
				CLANG_WARN_ENUM_CONVERSION = YES;
				CLANG_WARN_INFINITE_RECURSION = YES;
				CLANG_WARN_INT_CONVERSION = YES;
				CLANG_WARN_NON_LITERAL_NULL_CONVERSION = YES;
				CLANG_WARN_OBJC_IMPLICIT_RETAIN_SELF = YES;
				CLANG_WARN_OBJC_LITERAL_CONVERSION = YES;
				CLANG_WARN_OBJC_ROOT_CLASS = YES_ERROR;
				CLANG_WARN_QUOTED_INCLUDE_IN_FRAMEWORK_HEADER = YES;
				CLANG_WARN_RANGE_LOOP_ANALYSIS = YES;
				CLANG_WARN_STRICT_PROTOTYPES = YES;
				CLANG_WARN_SUSPICIOUS_MOVE = YES;
				CLANG_WARN_UNGUARDED_AVAILABILITY = YES_AGGRESSIVE;
				CLANG_WARN_UNREACHABLE_CODE = YES;
				CLANG_WARN__DUPLICATE_METHOD_MATCH = YES;
				COPY_PHASE_STRIP = NO;
				DEBUG_INFORMATION_FORMAT = "dwarf-with-dsym";
				ENABLE_NS_ASSERTIONS = NO;
				ENABLE_STRICT_OBJC_MSGSEND = YES;
				GCC_C_LANGUAGE_STANDARD = gnu11;
				GCC_NO_COMMON_BLOCKS = YES;
				GCC_WARN_64_TO_32_BIT_CONVERSION = YES;
				GCC_WARN_ABOUT_RETURN_TYPE = YES_ERROR;
				GCC_WARN_UNDECLARED_SELECTOR = YES;
				GCC_WARN_UNINITIALIZED_AUTOS = YES_AGGRESSIVE;
				GCC_WARN_UNUSED_FUNCTION = YES;
				GCC_WARN_UNUSED_VARIABLE = YES;
				IPHONEOS_DEPLOYMENT_TARGET = 14.0;
				MTL_ENABLE_DEBUG_INFO = NO;
				MTL_FAST_MATH = YES;
				SDKROOT = iphoneos;
				SWIFT_COMPILATION_MODE = wholemodule;
				SWIFT_OPTIMIZATION_LEVEL = "-O";
				VALIDATE_PRODUCT = YES;
			};
			name = Release;
		};
		B69EED4024B54008007E010A /* Debug */ = {
			isa = XCBuildConfiguration;
			buildSettings = {
				ASSETCATALOG_COMPILER_APPICON_NAME = AppIcon;
				ASSETCATALOG_COMPILER_GLOBAL_ACCENT_COLOR_NAME = AccentColor;
				CODE_SIGN_STYLE = Automatic;
				DEVELOPMENT_ASSET_PATHS = "\"Checkbook/Resources/Preview Content\"";
				DEVELOPMENT_TEAM = J6B8ZX28ZW;
				ENABLE_PREVIEWS = YES;
				INFOPLIST_FILE = Checkbook/Resources/Info.plist;
				LD_RUNPATH_SEARCH_PATHS = (
					"$(inherited)",
					"@executable_path/Frameworks",
				);
				PRODUCT_BUNDLE_IDENTIFIER = oskman.Checkbook;
				PRODUCT_NAME = "$(TARGET_NAME)";
				SWIFT_VERSION = 5.0;
				TARGETED_DEVICE_FAMILY = "1,2";
			};
			name = Debug;
		};
		B69EED4124B54008007E010A /* Release */ = {
			isa = XCBuildConfiguration;
			buildSettings = {
				ASSETCATALOG_COMPILER_APPICON_NAME = AppIcon;
				ASSETCATALOG_COMPILER_GLOBAL_ACCENT_COLOR_NAME = AccentColor;
				CODE_SIGN_STYLE = Automatic;
				DEVELOPMENT_ASSET_PATHS = "\"Checkbook/Resources/Preview Content\"";
				DEVELOPMENT_TEAM = J6B8ZX28ZW;
				ENABLE_PREVIEWS = YES;
				INFOPLIST_FILE = Checkbook/Resources/Info.plist;
				LD_RUNPATH_SEARCH_PATHS = (
					"$(inherited)",
					"@executable_path/Frameworks",
				);
				PRODUCT_BUNDLE_IDENTIFIER = oskman.Checkbook;
				PRODUCT_NAME = "$(TARGET_NAME)";
				SWIFT_VERSION = 5.0;
				TARGETED_DEVICE_FAMILY = "1,2";
			};
			name = Release;
		};
		B69EED4324B54008007E010A /* Debug */ = {
			isa = XCBuildConfiguration;
			buildSettings = {
				ALWAYS_EMBED_SWIFT_STANDARD_LIBRARIES = YES;
				BUNDLE_LOADER = "$(TEST_HOST)";
				CODE_SIGN_STYLE = Automatic;
				DEVELOPMENT_TEAM = J6B8ZX28ZW;
				INFOPLIST_FILE = CheckbookTests/Info.plist;
				IPHONEOS_DEPLOYMENT_TARGET = 14.0;
				LD_RUNPATH_SEARCH_PATHS = (
					"$(inherited)",
					"@executable_path/Frameworks",
					"@loader_path/Frameworks",
				);
				PRODUCT_BUNDLE_IDENTIFIER = oskman.CheckbookTests;
				PRODUCT_NAME = "$(TARGET_NAME)";
				SWIFT_VERSION = 5.0;
				TARGETED_DEVICE_FAMILY = "1,2";
				TEST_HOST = "$(BUILT_PRODUCTS_DIR)/Checkbook.app/Checkbook";
			};
			name = Debug;
		};
		B69EED4424B54008007E010A /* Release */ = {
			isa = XCBuildConfiguration;
			buildSettings = {
				ALWAYS_EMBED_SWIFT_STANDARD_LIBRARIES = YES;
				BUNDLE_LOADER = "$(TEST_HOST)";
				CODE_SIGN_STYLE = Automatic;
				DEVELOPMENT_TEAM = J6B8ZX28ZW;
				INFOPLIST_FILE = CheckbookTests/Info.plist;
				IPHONEOS_DEPLOYMENT_TARGET = 14.0;
				LD_RUNPATH_SEARCH_PATHS = (
					"$(inherited)",
					"@executable_path/Frameworks",
					"@loader_path/Frameworks",
				);
				PRODUCT_BUNDLE_IDENTIFIER = oskman.CheckbookTests;
				PRODUCT_NAME = "$(TARGET_NAME)";
				SWIFT_VERSION = 5.0;
				TARGETED_DEVICE_FAMILY = "1,2";
				TEST_HOST = "$(BUILT_PRODUCTS_DIR)/Checkbook.app/Checkbook";
			};
			name = Release;
		};
/* End XCBuildConfiguration section */

/* Begin XCConfigurationList section */
		B69EED0D24B54007007E010A /* Build configuration list for PBXProject "Checkbook" */ = {
			isa = XCConfigurationList;
			buildConfigurations = (
				B69EED3D24B54008007E010A /* Debug */,
				B69EED3E24B54008007E010A /* Release */,
			);
			defaultConfigurationIsVisible = 0;
			defaultConfigurationName = Release;
		};
		B69EED3F24B54008007E010A /* Build configuration list for PBXNativeTarget "Checkbook" */ = {
			isa = XCConfigurationList;
			buildConfigurations = (
				B69EED4024B54008007E010A /* Debug */,
				B69EED4124B54008007E010A /* Release */,
			);
			defaultConfigurationIsVisible = 0;
			defaultConfigurationName = Release;
		};
		B69EED4224B54008007E010A /* Build configuration list for PBXNativeTarget "CheckbookTests" */ = {
			isa = XCConfigurationList;
			buildConfigurations = (
				B69EED4324B54008007E010A /* Debug */,
				B69EED4424B54008007E010A /* Release */,
			);
			defaultConfigurationIsVisible = 0;
			defaultConfigurationName = Release;
		};
/* End XCConfigurationList section */

/* Begin XCVersionGroup section */
		B69EED1924B54007007E010A /* Checkbook.xcdatamodeld */ = {
			isa = XCVersionGroup;
			children = (
				B69EED1A24B54007007E010A /* Checkbook.xcdatamodel */,
			);
			currentVersion = B69EED1A24B54007007E010A /* Checkbook.xcdatamodel */;
			path = Checkbook.xcdatamodeld;
			sourceTree = "<group>";
			versionGroupType = wrapper.xcdatamodel;
		};
/* End XCVersionGroup section */
	};
	rootObject = B69EED0A24B54007007E010A /* Project object */;
}
